# This file is automatically @generated by Cargo.
# It is not intended for manual editing.
version = 4

[[package]]
name = "ironwork"
version = "0.8.0"
dependencies = [
 "ironwork-exec",
 "ironwork-jcl",
 "ironwork-numeric",
 "ironwork-rt",
 "ironwork-syntax",
 "ironwork-zarch",
]

[[package]]
name = "ironwork-compile"
version = "0.8.0"
dependencies = [
 "ironwork-numeric",
 "ironwork-rt",
 "ironwork-syntax",
 "ironwork-zarch",
]

[[package]]
name = "ironwork-ddl"
version = "0.8.0"

[[package]]
name = "ironwork-exec"
version = "0.8.0"
dependencies = [
 "ironwork-compile",
 "ironwork-numeric",
 "ironwork-oracle",
 "ironwork-rt",
 "ironwork-syntax",
 "ironwork-zarch",
]

[[package]]
name = "ironwork-jcl"
version = "0.8.0"
dependencies = [
 "ironwork-syntax",
]

[[package]]
name = "ironwork-numeric"
version = "0.8.0"
dependencies = [
 "ironwork-zarch",
]

[[package]]
name = "ironwork-oracle"
version = "0.8.0"
dependencies = [
 "ironwork-numeric",
 "ironwork-rt",
 "ironwork-zarch",
]

[[package]]
name = "ironwork-rt"
version = "0.8.0"
dependencies = [
 "ironwork-numeric",
 "ironwork-zarch",
]

[[package]]
name = "ironwork-syntax"
version = "0.8.0"
dependencies = [
 "ironwork-numeric",
 "ironwork-rt",
]

[[package]]
name = "ironwork-zarch"
version = "0.8.0"
