# This file is automatically @generated by Cargo.
# It is not intended for manual editing.
version = 4

[[package]]
name = "ironwork"
version = "0.1.0"
dependencies = [
 "ironwork-exec",
 "ironwork-syntax",
]

[[package]]
name = "ironwork-exec"
version = "0.1.0"
dependencies = [
 "ironwork-numeric",
 "ironwork-oracle",
 "ironwork-syntax",
 "ironwork-zarch",
]

[[package]]
name = "ironwork-numeric"
version = "0.1.0"
dependencies = [
 "ironwork-zarch",
]

[[package]]
name = "ironwork-oracle"
version = "0.1.0"
dependencies = [
 "ironwork-numeric",
 "ironwork-zarch",
]

[[package]]
name = "ironwork-syntax"
version = "0.1.0"

[[package]]
name = "ironwork-zarch"
version = "0.1.0"
